
Microsoft Visual Studio Solution File, Format Version 12.00
# Visual Studio Version 16
VisualStudioVersion = 25.0.1700.0
MinimumVisualStudioVersion = 10.0.40219.1
Project("{FAE04EC0-301F-11D3-BF4B-00C04F79EFBC}") = "appAjustaUnidSpedFiscal", "appAjustaUnidSpedFiscal\appAjustaUnidSpedFiscal.csproj", "{B9E7D346-4136-4EFC-ACBA-611B97F56304}"
EndProject
Global
	GlobalSection(SolutionConfigurationPlatforms) = preSolution
		Debug|Any CPU = Debug|Any CPU
		Release|Any CPU = Release|Any CPU
	EndGlobalSection
	GlobalSection(ProjectConfigurationPlatforms) = postSolution
		{B9E7D346-4136-4EFC-ACBA-611B97F56304}.Debug|Any CPU.ActiveCfg = Debug|Any CPU
		{B9E7D346-4136-4EFC-ACBA-611B97F56304}.Debug|Any CPU.Build.0 = Debug|Any CPU
		{B9E7D346-4136-4EFC-ACBA-611B97F56304}.Release|Any CPU.ActiveCfg = Release|Any CPU
		{B9E7D346-4136-4EFC-ACBA-611B97F56304}.Release|Any CPU.Build.0 = Release|Any CPU
	EndGlobalSection
	GlobalSection(SolutionProperties) = preSolution
		HideSolutionNode = FALSE
	EndGlobalSection
	GlobalSection(ExtensibilityGlobals) = postSolution
		SolutionGuid = {937F35DF-15D0-45BE-9979-0E7E9E38DAAD}
	EndGlobalSection
EndGlobal
